
Microsoft Visual Studio Solution File, Format Version 12.00
Project("{FAE04EC0-301F-11D3-BF4B-00C04F79EFBC}") = "TheTourGuy.ProductSearcherApi", "TheTourGuy.ProductSearcherApi\TheTourGuy.ProductSearcherApi.csproj", "{6E45E511-4245-4AFF-85AB-E986FCA036C3}"
EndProject
Project("{FAE04EC0-301F-11D3-BF4B-00C04F79EFBC}") = "TheTourGuy.Models", "TheTourGuy.Models\TheTourGuy.Models.csproj", "{9D89C4EB-180B-45A9-B245-F9493B12CF14}"
EndProject
Project("{FAE04EC0-301F-11D3-BF4B-00C04F79EFBC}") = "TheTourGuy.DTO", "TheTourGuy.DTO\TheTourGuy.DTO.csproj", "{0AD57782-9D12-4A78-B47B-E3B279299752}"
EndProject
Project("{FAE04EC0-301F-11D3-BF4B-00C04F79EFBC}") = "TheTourGuy.Tests", "TheTourGuy.Tests\TheTourGuy.Tests.csproj", "{DA8595E5-BF0A-4DA6-8B31-C5671C788A98}"
EndProject
Project("{2150E333-8FDC-42A3-9474-1A3956D46DE8}") = "Solution Items", "Solution Items", "{C2FC7292-7F02-4BB6-9AB6-4C80B7774A23}"
	ProjectSection(SolutionItems) = preProject
		docker-compose.yml = docker-compose.yml
	EndProjectSection
EndProject
Project("{2150E333-8FDC-42A3-9474-1A3956D46DE8}") = "ExternalProvider", "ExternalProvider", "{5C0B940B-4C5F-4EBD-9DC7-82E4099E9445}"
EndProject
Project("{FAE04EC0-301F-11D3-BF4B-00C04F79EFBC}") = "SomeOtherGuyWorker", "SomeOtherGuyWorker\SomeOtherGuyWorker.csproj", "{BB420A0D-0E3D-474E-BA69-B4CECAE47DCF}"
EndProject
Project("{FAE04EC0-301F-11D3-BF4B-00C04F79EFBC}") = "TheTourGuy.Interfaces", "TheTourGuy.Interfaces\TheTourGuy.Interfaces.csproj", "{D777DC85-5467-4FB7-9D3B-B37C85510EBB}"
EndProject
Project("{FAE04EC0-301F-11D3-BF4B-00C04F79EFBC}") = "TheTourGuy.BasicWorker", "TheTourGuy.BasicWorker\TheTourGuy.BasicWorker.csproj", "{5B96B945-F502-4516-A3CD-864F02B33F4B}"
EndProject
Global
	GlobalSection(SolutionConfigurationPlatforms) = preSolution
		Debug|Any CPU = Debug|Any CPU
		Release|Any CPU = Release|Any CPU
	EndGlobalSection
	GlobalSection(ProjectConfigurationPlatforms) = postSolution
		{6E45E511-4245-4AFF-85AB-E986FCA036C3}.Debug|Any CPU.ActiveCfg = Debug|Any CPU
		{6E45E511-4245-4AFF-85AB-E986FCA036C3}.Debug|Any CPU.Build.0 = Debug|Any CPU
		{6E45E511-4245-4AFF-85AB-E986FCA036C3}.Release|Any CPU.ActiveCfg = Release|Any CPU
		{6E45E511-4245-4AFF-85AB-E986FCA036C3}.Release|Any CPU.Build.0 = Release|Any CPU
		{9D89C4EB-180B-45A9-B245-F9493B12CF14}.Debug|Any CPU.ActiveCfg = Debug|Any CPU
		{9D89C4EB-180B-45A9-B245-F9493B12CF14}.Debug|Any CPU.Build.0 = Debug|Any CPU
		{9D89C4EB-180B-45A9-B245-F9493B12CF14}.Release|Any CPU.ActiveCfg = Release|Any CPU
		{9D89C4EB-180B-45A9-B245-F9493B12CF14}.Release|Any CPU.Build.0 = Release|Any CPU
		{0AD57782-9D12-4A78-B47B-E3B279299752}.Debug|Any CPU.ActiveCfg = Debug|Any CPU
		{0AD57782-9D12-4A78-B47B-E3B279299752}.Debug|Any CPU.Build.0 = Debug|Any CPU
		{0AD57782-9D12-4A78-B47B-E3B279299752}.Release|Any CPU.ActiveCfg = Release|Any CPU
		{0AD57782-9D12-4A78-B47B-E3B279299752}.Release|Any CPU.Build.0 = Release|Any CPU
		{DA8595E5-BF0A-4DA6-8B31-C5671C788A98}.Debug|Any CPU.ActiveCfg = Debug|Any CPU
		{DA8595E5-BF0A-4DA6-8B31-C5671C788A98}.Debug|Any CPU.Build.0 = Debug|Any CPU
		{DA8595E5-BF0A-4DA6-8B31-C5671C788A98}.Release|Any CPU.ActiveCfg = Release|Any CPU
		{DA8595E5-BF0A-4DA6-8B31-C5671C788A98}.Release|Any CPU.Build.0 = Release|Any CPU
		{BB420A0D-0E3D-474E-BA69-B4CECAE47DCF}.Debug|Any CPU.ActiveCfg = Debug|Any CPU
		{BB420A0D-0E3D-474E-BA69-B4CECAE47DCF}.Debug|Any CPU.Build.0 = Debug|Any CPU
		{BB420A0D-0E3D-474E-BA69-B4CECAE47DCF}.Release|Any CPU.ActiveCfg = Release|Any CPU
		{BB420A0D-0E3D-474E-BA69-B4CECAE47DCF}.Release|Any CPU.Build.0 = Release|Any CPU
		{D777DC85-5467-4FB7-9D3B-B37C85510EBB}.Debug|Any CPU.ActiveCfg = Debug|Any CPU
		{D777DC85-5467-4FB7-9D3B-B37C85510EBB}.Debug|Any CPU.Build.0 = Debug|Any CPU
		{D777DC85-5467-4FB7-9D3B-B37C85510EBB}.Release|Any CPU.ActiveCfg = Release|Any CPU
		{D777DC85-5467-4FB7-9D3B-B37C85510EBB}.Release|Any CPU.Build.0 = Release|Any CPU
		{5B96B945-F502-4516-A3CD-864F02B33F4B}.Debug|Any CPU.ActiveCfg = Debug|Any CPU
		{5B96B945-F502-4516-A3CD-864F02B33F4B}.Debug|Any CPU.Build.0 = Debug|Any CPU
		{5B96B945-F502-4516-A3CD-864F02B33F4B}.Release|Any CPU.ActiveCfg = Release|Any CPU
		{5B96B945-F502-4516-A3CD-864F02B33F4B}.Release|Any CPU.Build.0 = Release|Any CPU
	EndGlobalSection
	GlobalSection(NestedProjects) = preSolution
		{BB420A0D-0E3D-474E-BA69-B4CECAE47DCF} = {5C0B940B-4C5F-4EBD-9DC7-82E4099E9445}
	EndGlobalSection
EndGlobal
